
Microsoft Visual Studio Solution File, Format Version 12.00
# Visual Studio Version 16
VisualStudioVersion = 16.0.28803.202
MinimumVisualStudioVersion = 10.0.40219.1
Project("{FAE04EC0-301F-11D3-BF4B-00C04F79EFBC}") = "AspNetIdentity_CustomStorageProviders", "AspNetIdentity_CustomStorageProviders\AspNetIdentity_CustomStorageProviders.csproj", "{CE0B7B36-72D4-4994-8413-3DD08B91A939}"
EndProject
Global
	GlobalSection(SolutionConfigurationPlatforms) = preSolution
		Debug|Any CPU = Debug|Any CPU
		Release|Any CPU = Release|Any CPU
	EndGlobalSection
	GlobalSection(ProjectConfigurationPlatforms) = postSolution
		{CE0B7B36-72D4-4994-8413-3DD08B91A939}.Debug|Any CPU.ActiveCfg = Debug|Any CPU
		{CE0B7B36-72D4-4994-8413-3DD08B91A939}.Debug|Any CPU.Build.0 = Debug|Any CPU
		{CE0B7B36-72D4-4994-8413-3DD08B91A939}.Release|Any CPU.ActiveCfg = Release|Any CPU
		{CE0B7B36-72D4-4994-8413-3DD08B91A939}.Release|Any CPU.Build.0 = Release|Any CPU
	EndGlobalSection
	GlobalSection(SolutionProperties) = preSolution
		HideSolutionNode = FALSE
	EndGlobalSection
	GlobalSection(ExtensibilityGlobals) = postSolution
		SolutionGuid = {398EDA6C-1549-4014-98E8-EC7D1D51B9F3}
	EndGlobalSection
EndGlobal
